
Microsoft Visual Studio Solution File, Format Version 12.00
# Visual Studio Version 17
VisualStudioVersion = 17.4.33103.184
MinimumVisualStudioVersion = 10.0.40219.1
Project("{FAE04EC0-301F-11D3-BF4B-00C04F79EFBC}") = "CriptoWalletApi", "CriptoWalletApi.csproj", "{5BD25113-6E19-4527-9726-F8B1F857B651}"
EndProject
Global
	GlobalSection(SolutionConfigurationPlatforms) = preSolution
		Debug|Any CPU = Debug|Any CPU
		Release|Any CPU = Release|Any CPU
	EndGlobalSection
	GlobalSection(ProjectConfigurationPlatforms) = postSolution
		{5BD25113-6E19-4527-9726-F8B1F857B651}.Debug|Any CPU.ActiveCfg = Debug|Any CPU
		{5BD25113-6E19-4527-9726-F8B1F857B651}.Debug|Any CPU.Build.0 = Debug|Any CPU
		{5BD25113-6E19-4527-9726-F8B1F857B651}.Release|Any CPU.ActiveCfg = Release|Any CPU
		{5BD25113-6E19-4527-9726-F8B1F857B651}.Release|Any CPU.Build.0 = Release|Any CPU
	EndGlobalSection
	GlobalSection(SolutionProperties) = preSolution
		HideSolutionNode = FALSE
	EndGlobalSection
	GlobalSection(ExtensibilityGlobals) = postSolution
		SolutionGuid = {8F761C5A-CEF4-42B1-8536-5B2371BB6527}
	EndGlobalSection
EndGlobal
